
Microsoft Visual Studio Solution File, Format Version 12.00
# Visual Studio Version 16
VisualStudioVersion = 16.0.31105.61
MinimumVisualStudioVersion = 10.0.40219.1
Project("{2150E333-8FDC-42A3-9474-1A3956D46DE8}") = "Documentatie", "Documentatie", "{F98FFF12-8422-418C-BCD0-ADB1E5D880EE}"
	ProjectSection(SolutionItems) = preProject
		FoutAfhandeling-Debugging.txt = FoutAfhandeling-Debugging.txt
	EndProjectSection
EndProject
Project("{FAE04EC0-301F-11D3-BF4B-00C04F79EFBC}") = "TipCalculator.Wpf", "TipCalculator.Wpf\TipCalculator.Wpf.csproj", "{3E4C4F39-32FD-46DC-AE48-98D416122930}"
EndProject
Global
	GlobalSection(SolutionConfigurationPlatforms) = preSolution
		Debug|Any CPU = Debug|Any CPU
		Release|Any CPU = Release|Any CPU
	EndGlobalSection
	GlobalSection(ProjectConfigurationPlatforms) = postSolution
		{3E4C4F39-32FD-46DC-AE48-98D416122930}.Debug|Any CPU.ActiveCfg = Debug|Any CPU
		{3E4C4F39-32FD-46DC-AE48-98D416122930}.Debug|Any CPU.Build.0 = Debug|Any CPU
		{3E4C4F39-32FD-46DC-AE48-98D416122930}.Release|Any CPU.ActiveCfg = Release|Any CPU
		{3E4C4F39-32FD-46DC-AE48-98D416122930}.Release|Any CPU.Build.0 = Release|Any CPU
	EndGlobalSection
	GlobalSection(SolutionProperties) = preSolution
		HideSolutionNode = FALSE
	EndGlobalSection
	GlobalSection(ExtensibilityGlobals) = postSolution
		SolutionGuid = {5570D96E-FD99-4082-A2FA-3223CB97EF70}
	EndGlobalSection
EndGlobal
